
Microsoft Visual Studio Solution File, Format Version 12.00
# Visual Studio Version 16
VisualStudioVersion = 16.0.31702.278
MinimumVisualStudioVersion = 10.0.40219.1
Project("{2150E333-8FDC-42A3-9474-1A3956D46DE8}") = "Task0", "Task0", "{959CD344-6272-44C9-AF37-9BE87118F8BA}"
EndProject
Project("{FAE04EC0-301F-11D3-BF4B-00C04F79EFBC}") = "Tyuiu.AramaAG.Sprint3.Task0.V10", "Tyuiu.AramaAG.Sprint3.Task0.V10\Tyuiu.AramaAG.Sprint3.Task0.V10.csproj", "{48FF81E2-81A9-403C-A50C-45452EE8F2D0}"
EndProject
Project("{FAE04EC0-301F-11D3-BF4B-00C04F79EFBC}") = "Tyuiu.AramaAG.Sprint3.Task0.V10.Lib", "Tyuiu.AramaAG.Sprint3.Task0.V10.Lib\Tyuiu.AramaAG.Sprint3.Task0.V10.Lib.csproj", "{E7B08062-9D3A-4DE1-9DC3-D2C8528C8180}"
EndProject
Project("{FAE04EC0-301F-11D3-BF4B-00C04F79EFBC}") = "Tyuiu.AramaAG.Sprint3.Task0.V10.Test", "Tyuiu.AramaAG.Sprint3.Task0.V10.Test\Tyuiu.AramaAG.Sprint3.Task0.V10.Test.csproj", "{0BF61BE2-607F-464E-A556-071DA0D6927B}"
EndProject
Project("{2150E333-8FDC-42A3-9474-1A3956D46DE8}") = "Task1", "Task1", "{2DD5D12E-0678-4C2B-9DAF-3DE521DB8C90}"
EndProject
Project("{FAE04EC0-301F-11D3-BF4B-00C04F79EFBC}") = "Tyuiu.AramaAG.Sprint3.Task1.V10", "Tyuiu.AramaAG.Sprint3.Task1.V10\Tyuiu.AramaAG.Sprint3.Task1.V10.csproj", "{8A44693D-D0E6-4198-8C75-1BBA8B3610CC}"
EndProject
Project("{FAE04EC0-301F-11D3-BF4B-00C04F79EFBC}") = "Tyuiu.AramaAG.Sprint3.Task1.V10.Lib", "Tyuiu.AramaAG.Sprint3.Task1.V10.Lib\Tyuiu.AramaAG.Sprint3.Task1.V10.Lib.csproj", "{30396624-8C92-4ED8-A589-755C9B90BDD9}"
EndProject
Project("{FAE04EC0-301F-11D3-BF4B-00C04F79EFBC}") = "Tyuiu.AramaAG.Sprint3.Task1.V10.Test", "Tyuiu.AramaAG.Sprint3.Task1.V10.Test\Tyuiu.AramaAG.Sprint3.Task1.V10.Test.csproj", "{5AA1134D-2271-4D35-AA88-60D75010ECD1}"
EndProject
Global
	GlobalSection(SolutionConfigurationPlatforms) = preSolution
		Debug|Any CPU = Debug|Any CPU
		Release|Any CPU = Release|Any CPU
	EndGlobalSection
	GlobalSection(ProjectConfigurationPlatforms) = postSolution
		{48FF81E2-81A9-403C-A50C-45452EE8F2D0}.Debug|Any CPU.ActiveCfg = Debug|Any CPU
		{48FF81E2-81A9-403C-A50C-45452EE8F2D0}.Debug|Any CPU.Build.0 = Debug|Any CPU
		{48FF81E2-81A9-403C-A50C-45452EE8F2D0}.Release|Any CPU.ActiveCfg = Release|Any CPU
		{48FF81E2-81A9-403C-A50C-45452EE8F2D0}.Release|Any CPU.Build.0 = Release|Any CPU
		{E7B08062-9D3A-4DE1-9DC3-D2C8528C8180}.Debug|Any CPU.ActiveCfg = Debug|Any CPU
		{E7B08062-9D3A-4DE1-9DC3-D2C8528C8180}.Debug|Any CPU.Build.0 = Debug|Any CPU
		{E7B08062-9D3A-4DE1-9DC3-D2C8528C8180}.Release|Any CPU.ActiveCfg = Release|Any CPU
		{E7B08062-9D3A-4DE1-9DC3-D2C8528C8180}.Release|Any CPU.Build.0 = Release|Any CPU
		{0BF61BE2-607F-464E-A556-071DA0D6927B}.Debug|Any CPU.ActiveCfg = Debug|Any CPU
		{0BF61BE2-607F-464E-A556-071DA0D6927B}.Debug|Any CPU.Build.0 = Debug|Any CPU
		{0BF61BE2-607F-464E-A556-071DA0D6927B}.Release|Any CPU.ActiveCfg = Release|Any CPU
		{0BF61BE2-607F-464E-A556-071DA0D6927B}.Release|Any CPU.Build.0 = Release|Any CPU
		{8A44693D-D0E6-4198-8C75-1BBA8B3610CC}.Debug|Any CPU.ActiveCfg = Debug|Any CPU
		{8A44693D-D0E6-4198-8C75-1BBA8B3610CC}.Debug|Any CPU.Build.0 = Debug|Any CPU
		{8A44693D-D0E6-4198-8C75-1BBA8B3610CC}.Release|Any CPU.ActiveCfg = Release|Any CPU
		{8A44693D-D0E6-4198-8C75-1BBA8B3610CC}.Release|Any CPU.Build.0 = Release|Any CPU
		{30396624-8C92-4ED8-A589-755C9B90BDD9}.Debug|Any CPU.ActiveCfg = Debug|Any CPU
		{30396624-8C92-4ED8-A589-755C9B90BDD9}.Debug|Any CPU.Build.0 = Debug|Any CPU
		{30396624-8C92-4ED8-A589-755C9B90BDD9}.Release|Any CPU.ActiveCfg = Release|Any CPU
		{30396624-8C92-4ED8-A589-755C9B90BDD9}.Release|Any CPU.Build.0 = Release|Any CPU
		{5AA1134D-2271-4D35-AA88-60D75010ECD1}.Debug|Any CPU.ActiveCfg = Debug|Any CPU
		{5AA1134D-2271-4D35-AA88-60D75010ECD1}.Debug|Any CPU.Build.0 = Debug|Any CPU
		{5AA1134D-2271-4D35-AA88-60D75010ECD1}.Release|Any CPU.ActiveCfg = Release|Any CPU
		{5AA1134D-2271-4D35-AA88-60D75010ECD1}.Release|Any CPU.Build.0 = Release|Any CPU
	EndGlobalSection
	GlobalSection(SolutionProperties) = preSolution
		HideSolutionNode = FALSE
	EndGlobalSection
	GlobalSection(NestedProjects) = preSolution
		{48FF81E2-81A9-403C-A50C-45452EE8F2D0} = {959CD344-6272-44C9-AF37-9BE87118F8BA}
		{E7B08062-9D3A-4DE1-9DC3-D2C8528C8180} = {959CD344-6272-44C9-AF37-9BE87118F8BA}
		{0BF61BE2-607F-464E-A556-071DA0D6927B} = {959CD344-6272-44C9-AF37-9BE87118F8BA}
		{8A44693D-D0E6-4198-8C75-1BBA8B3610CC} = {2DD5D12E-0678-4C2B-9DAF-3DE521DB8C90}
		{30396624-8C92-4ED8-A589-755C9B90BDD9} = {2DD5D12E-0678-4C2B-9DAF-3DE521DB8C90}
		{5AA1134D-2271-4D35-AA88-60D75010ECD1} = {2DD5D12E-0678-4C2B-9DAF-3DE521DB8C90}
	EndGlobalSection
	GlobalSection(ExtensibilityGlobals) = postSolution
		SolutionGuid = {865A7A5E-9B6C-4A81-A527-227D4BB52408}
	EndGlobalSection
EndGlobal
