
Microsoft Visual Studio Solution File, Format Version 12.00
# Visual Studio Version 16
VisualStudioVersion = 16.0.31702.278
MinimumVisualStudioVersion = 10.0.40219.1
Project("{2150E333-8FDC-42A3-9474-1A3956D46DE8}") = "Task0", "Task0", "{959CD344-6272-44C9-AF37-9BE87118F8BA}"
EndProject
Project("{FAE04EC0-301F-11D3-BF4B-00C04F79EFBC}") = "Tyuiu.AramaAG.Sprint3.Task0.V10", "Tyuiu.AramaAG.Sprint3.Task0.V10\Tyuiu.AramaAG.Sprint3.Task0.V10.csproj", "{48FF81E2-81A9-403C-A50C-45452EE8F2D0}"
EndProject
Project("{FAE04EC0-301F-11D3-BF4B-00C04F79EFBC}") = "Tyuiu.AramaAG.Sprint3.Task0.V10.Lib", "Tyuiu.AramaAG.Sprint3.Task0.V10.Lib\Tyuiu.AramaAG.Sprint3.Task0.V10.Lib.csproj", "{E7B08062-9D3A-4DE1-9DC3-D2C8528C8180}"
EndProject
Project("{FAE04EC0-301F-11D3-BF4B-00C04F79EFBC}") = "Tyuiu.AramaAG.Sprint3.Task0.V10.Test", "Tyuiu.AramaAG.Sprint3.Task0.V10.Test\Tyuiu.AramaAG.Sprint3.Task0.V10.Test.csproj", "{0BF61BE2-607F-464E-A556-071DA0D6927B}"
EndProject
Project("{2150E333-8FDC-42A3-9474-1A3956D46DE8}") = "Task1", "Task1", "{2DD5D12E-0678-4C2B-9DAF-3DE521DB8C90}"
EndProject
Project("{FAE04EC0-301F-11D3-BF4B-00C04F79EFBC}") = "Tyuiu.AramaAG.Sprint3.Task1.V10", "Tyuiu.AramaAG.Sprint3.Task1.V10\Tyuiu.AramaAG.Sprint3.Task1.V10.csproj", "{8A44693D-D0E6-4198-8C75-1BBA8B3610CC}"
EndProject
Project("{FAE04EC0-301F-11D3-BF4B-00C04F79EFBC}") = "Tyuiu.AramaAG.Sprint3.Task1.V10.Lib", "Tyuiu.AramaAG.Sprint3.Task1.V10.Lib\Tyuiu.AramaAG.Sprint3.Task1.V10.Lib.csproj", "{30396624-8C92-4ED8-A589-755C9B90BDD9}"
EndProject
Project("{FAE04EC0-301F-11D3-BF4B-00C04F79EFBC}") = "Tyuiu.AramaAG.Sprint3.Task1.V10.Test", "Tyuiu.AramaAG.Sprint3.Task1.V10.Test\Tyuiu.AramaAG.Sprint3.Task1.V10.Test.csproj", "{5AA1134D-2271-4D35-AA88-60D75010ECD1}"
EndProject
Project("{2150E333-8FDC-42A3-9474-1A3956D46DE8}") = "Task2", "Task2", "{FFDAB3F4-C870-494D-A9F3-A6518320A6CE}"
EndProject
Project("{FAE04EC0-301F-11D3-BF4B-00C04F79EFBC}") = "Tyuiu.AramaAG.Sprint3.Task2.V15", "Tyuiu.AramaAG.Sprint3.Task2.V15\Tyuiu.AramaAG.Sprint3.Task2.V15.csproj", "{9A0778A3-09BD-43AF-9767-8884610048CE}"
EndProject
Project("{FAE04EC0-301F-11D3-BF4B-00C04F79EFBC}") = "Tyuiu.AramaAG.Sprint3.Task2.V15.Lib", "Tyuiu.AramaAG.Sprint3.Task2.V15.Lib\Tyuiu.AramaAG.Sprint3.Task2.V15.Lib.csproj", "{7FC297BF-FBB4-4521-9CC1-C4640C0B2791}"
EndProject
Project("{FAE04EC0-301F-11D3-BF4B-00C04F79EFBC}") = "Tyuiu.AramaAG.Sprint3.Task2.V15.Test", "Tyuiu.AramaAG.Sprint3.Task2.V15.Test\Tyuiu.AramaAG.Sprint3.Task2.V15.Test.csproj", "{728C4524-69B6-4DBB-8678-7AE50C321561}"
EndProject
Project("{2150E333-8FDC-42A3-9474-1A3956D46DE8}") = "Task3", "Task3", "{A6E647A0-A0F8-4478-AC9D-32D6C32C42EF}"
EndProject
Project("{FAE04EC0-301F-11D3-BF4B-00C04F79EFBC}") = "Tyuiu.AramaAG.Sprint3.Task3.V10", "Tyuiu.AramaAG.Sprint3.Task3.V10\Tyuiu.AramaAG.Sprint3.Task3.V10.csproj", "{D6136E5A-0D9F-4D04-989C-DDC4A7CF6B0D}"
EndProject
Project("{FAE04EC0-301F-11D3-BF4B-00C04F79EFBC}") = "Tyuiu.AramaAG.Sprint3.Task3.V10.Lib", "Tyuiu.AramaAG.Sprint3.Task3.V10.Lib\Tyuiu.AramaAG.Sprint3.Task3.V10.Lib.csproj", "{319B9C4E-C1ED-4D21-8D7F-864BF2389226}"
EndProject
Project("{FAE04EC0-301F-11D3-BF4B-00C04F79EFBC}") = "Tyuiu.AramaAG.Sprint3.Task3.V10.Test", "Tyuiu.AramaAG.Sprint3.Task3.V10.Test\Tyuiu.AramaAG.Sprint3.Task3.V10.Test.csproj", "{887507BA-9979-443D-8C13-F29B61E1C2C2}"
EndProject
Project("{2150E333-8FDC-42A3-9474-1A3956D46DE8}") = "Task4", "Task4", "{27F7F604-E933-4604-BF4C-46C3529E9705}"
EndProject
Project("{FAE04EC0-301F-11D3-BF4B-00C04F79EFBC}") = "Tyuiu.AramaAG.Sprint3.Task4.V25", "Tyuiu.AramaAG.Sprint3.Task4.V25\Tyuiu.AramaAG.Sprint3.Task4.V25.csproj", "{B2B5F259-24C1-4028-BFCE-104033A9CF63}"
EndProject
Project("{FAE04EC0-301F-11D3-BF4B-00C04F79EFBC}") = "Tyuiu.AramaAG.Sprint3.Task4.V25.Test", "Tyuiu.AramaAG.Sprint3.Task4.V25.Test\Tyuiu.AramaAG.Sprint3.Task4.V25.Test.csproj", "{A124A920-088D-4CD2-BAFA-551743A51C64}"
EndProject
Project("{FAE04EC0-301F-11D3-BF4B-00C04F79EFBC}") = "Tyuiu.AramaAG.Sprint3.Task4.V25.Lib", "Tyuiu.AramaAG.Sprint3.Task4.V25.Lib\Tyuiu.AramaAG.Sprint3.Task4.V25.Lib.csproj", "{3F5DFA34-D1F7-4BA7-A718-E44F4E6C2472}"
EndProject
Project("{2150E333-8FDC-42A3-9474-1A3956D46DE8}") = "Task5", "Task5", "{07E7C360-9C91-4B84-A7E4-35E875C1D741}"
EndProject
Project("{FAE04EC0-301F-11D3-BF4B-00C04F79EFBC}") = "Tyuiu.AramaAG.Sprint3.Task5.V8", "Tyuiu.AramaAG.Sprint3.Task5.V8\Tyuiu.AramaAG.Sprint3.Task5.V8.csproj", "{594734CD-C968-40B7-A7F2-B901FC97CBD8}"
EndProject
Project("{FAE04EC0-301F-11D3-BF4B-00C04F79EFBC}") = "Tyuiu.AramaAG.Sprint3.Task5.V8.Test", "Tyuiu.AramaAG.Sprint3.Task5.V8.Test\Tyuiu.AramaAG.Sprint3.Task5.V8.Test.csproj", "{6590605D-15A0-42A0-9476-B22108136898}"
EndProject
Project("{FAE04EC0-301F-11D3-BF4B-00C04F79EFBC}") = "Tyuiu.AramaAG.Sprint3.Task5.V8.Lib", "Tyuiu.AramaAG.Sprint3.Task5.V8.Lib\Tyuiu.AramaAG.Sprint3.Task5.V8.Lib.csproj", "{B934FE46-8A24-4285-8692-3F9D11E96CEA}"
EndProject
Global
	GlobalSection(SolutionConfigurationPlatforms) = preSolution
		Debug|Any CPU = Debug|Any CPU
		Release|Any CPU = Release|Any CPU
	EndGlobalSection
	GlobalSection(ProjectConfigurationPlatforms) = postSolution
		{48FF81E2-81A9-403C-A50C-45452EE8F2D0}.Debug|Any CPU.ActiveCfg = Debug|Any CPU
		{48FF81E2-81A9-403C-A50C-45452EE8F2D0}.Debug|Any CPU.Build.0 = Debug|Any CPU
		{48FF81E2-81A9-403C-A50C-45452EE8F2D0}.Release|Any CPU.ActiveCfg = Release|Any CPU
		{48FF81E2-81A9-403C-A50C-45452EE8F2D0}.Release|Any CPU.Build.0 = Release|Any CPU
		{E7B08062-9D3A-4DE1-9DC3-D2C8528C8180}.Debug|Any CPU.ActiveCfg = Debug|Any CPU
		{E7B08062-9D3A-4DE1-9DC3-D2C8528C8180}.Debug|Any CPU.Build.0 = Debug|Any CPU
		{E7B08062-9D3A-4DE1-9DC3-D2C8528C8180}.Release|Any CPU.ActiveCfg = Release|Any CPU
		{E7B08062-9D3A-4DE1-9DC3-D2C8528C8180}.Release|Any CPU.Build.0 = Release|Any CPU
		{0BF61BE2-607F-464E-A556-071DA0D6927B}.Debug|Any CPU.ActiveCfg = Debug|Any CPU
		{0BF61BE2-607F-464E-A556-071DA0D6927B}.Debug|Any CPU.Build.0 = Debug|Any CPU
		{0BF61BE2-607F-464E-A556-071DA0D6927B}.Release|Any CPU.ActiveCfg = Release|Any CPU
		{0BF61BE2-607F-464E-A556-071DA0D6927B}.Release|Any CPU.Build.0 = Release|Any CPU
		{8A44693D-D0E6-4198-8C75-1BBA8B3610CC}.Debug|Any CPU.ActiveCfg = Debug|Any CPU
		{8A44693D-D0E6-4198-8C75-1BBA8B3610CC}.Debug|Any CPU.Build.0 = Debug|Any CPU
		{8A44693D-D0E6-4198-8C75-1BBA8B3610CC}.Release|Any CPU.ActiveCfg = Release|Any CPU
		{8A44693D-D0E6-4198-8C75-1BBA8B3610CC}.Release|Any CPU.Build.0 = Release|Any CPU
		{30396624-8C92-4ED8-A589-755C9B90BDD9}.Debug|Any CPU.ActiveCfg = Debug|Any CPU
		{30396624-8C92-4ED8-A589-755C9B90BDD9}.Debug|Any CPU.Build.0 = Debug|Any CPU
		{30396624-8C92-4ED8-A589-755C9B90BDD9}.Release|Any CPU.ActiveCfg = Release|Any CPU
		{30396624-8C92-4ED8-A589-755C9B90BDD9}.Release|Any CPU.Build.0 = Release|Any CPU
		{5AA1134D-2271-4D35-AA88-60D75010ECD1}.Debug|Any CPU.ActiveCfg = Debug|Any CPU
		{5AA1134D-2271-4D35-AA88-60D75010ECD1}.Debug|Any CPU.Build.0 = Debug|Any CPU
		{5AA1134D-2271-4D35-AA88-60D75010ECD1}.Release|Any CPU.ActiveCfg = Release|Any CPU
		{5AA1134D-2271-4D35-AA88-60D75010ECD1}.Release|Any CPU.Build.0 = Release|Any CPU
		{9A0778A3-09BD-43AF-9767-8884610048CE}.Debug|Any CPU.ActiveCfg = Debug|Any CPU
		{9A0778A3-09BD-43AF-9767-8884610048CE}.Debug|Any CPU.Build.0 = Debug|Any CPU
		{9A0778A3-09BD-43AF-9767-8884610048CE}.Release|Any CPU.ActiveCfg = Release|Any CPU
		{9A0778A3-09BD-43AF-9767-8884610048CE}.Release|Any CPU.Build.0 = Release|Any CPU
		{7FC297BF-FBB4-4521-9CC1-C4640C0B2791}.Debug|Any CPU.ActiveCfg = Debug|Any CPU
		{7FC297BF-FBB4-4521-9CC1-C4640C0B2791}.Debug|Any CPU.Build.0 = Debug|Any CPU
		{7FC297BF-FBB4-4521-9CC1-C4640C0B2791}.Release|Any CPU.ActiveCfg = Release|Any CPU
		{7FC297BF-FBB4-4521-9CC1-C4640C0B2791}.Release|Any CPU.Build.0 = Release|Any CPU
		{728C4524-69B6-4DBB-8678-7AE50C321561}.Debug|Any CPU.ActiveCfg = Debug|Any CPU
		{728C4524-69B6-4DBB-8678-7AE50C321561}.Debug|Any CPU.Build.0 = Debug|Any CPU
		{728C4524-69B6-4DBB-8678-7AE50C321561}.Release|Any CPU.ActiveCfg = Release|Any CPU
		{728C4524-69B6-4DBB-8678-7AE50C321561}.Release|Any CPU.Build.0 = Release|Any CPU
		{D6136E5A-0D9F-4D04-989C-DDC4A7CF6B0D}.Debug|Any CPU.ActiveCfg = Debug|Any CPU
		{D6136E5A-0D9F-4D04-989C-DDC4A7CF6B0D}.Debug|Any CPU.Build.0 = Debug|Any CPU
		{D6136E5A-0D9F-4D04-989C-DDC4A7CF6B0D}.Release|Any CPU.ActiveCfg = Release|Any CPU
		{D6136E5A-0D9F-4D04-989C-DDC4A7CF6B0D}.Release|Any CPU.Build.0 = Release|Any CPU
		{319B9C4E-C1ED-4D21-8D7F-864BF2389226}.Debug|Any CPU.ActiveCfg = Debug|Any CPU
		{319B9C4E-C1ED-4D21-8D7F-864BF2389226}.Debug|Any CPU.Build.0 = Debug|Any CPU
		{319B9C4E-C1ED-4D21-8D7F-864BF2389226}.Release|Any CPU.ActiveCfg = Release|Any CPU
		{319B9C4E-C1ED-4D21-8D7F-864BF2389226}.Release|Any CPU.Build.0 = Release|Any CPU
		{887507BA-9979-443D-8C13-F29B61E1C2C2}.Debug|Any CPU.ActiveCfg = Debug|Any CPU
		{887507BA-9979-443D-8C13-F29B61E1C2C2}.Debug|Any CPU.Build.0 = Debug|Any CPU
		{887507BA-9979-443D-8C13-F29B61E1C2C2}.Release|Any CPU.ActiveCfg = Release|Any CPU
		{887507BA-9979-443D-8C13-F29B61E1C2C2}.Release|Any CPU.Build.0 = Release|Any CPU
		{B2B5F259-24C1-4028-BFCE-104033A9CF63}.Debug|Any CPU.ActiveCfg = Debug|Any CPU
		{B2B5F259-24C1-4028-BFCE-104033A9CF63}.Debug|Any CPU.Build.0 = Debug|Any CPU
		{B2B5F259-24C1-4028-BFCE-104033A9CF63}.Release|Any CPU.ActiveCfg = Release|Any CPU
		{B2B5F259-24C1-4028-BFCE-104033A9CF63}.Release|Any CPU.Build.0 = Release|Any CPU
		{A124A920-088D-4CD2-BAFA-551743A51C64}.Debug|Any CPU.ActiveCfg = Debug|Any CPU
		{A124A920-088D-4CD2-BAFA-551743A51C64}.Debug|Any CPU.Build.0 = Debug|Any CPU
		{A124A920-088D-4CD2-BAFA-551743A51C64}.Release|Any CPU.ActiveCfg = Release|Any CPU
		{A124A920-088D-4CD2-BAFA-551743A51C64}.Release|Any CPU.Build.0 = Release|Any CPU
		{3F5DFA34-D1F7-4BA7-A718-E44F4E6C2472}.Debug|Any CPU.ActiveCfg = Debug|Any CPU
		{3F5DFA34-D1F7-4BA7-A718-E44F4E6C2472}.Debug|Any CPU.Build.0 = Debug|Any CPU
		{3F5DFA34-D1F7-4BA7-A718-E44F4E6C2472}.Release|Any CPU.ActiveCfg = Release|Any CPU
		{3F5DFA34-D1F7-4BA7-A718-E44F4E6C2472}.Release|Any CPU.Build.0 = Release|Any CPU
		{594734CD-C968-40B7-A7F2-B901FC97CBD8}.Debug|Any CPU.ActiveCfg = Debug|Any CPU
		{594734CD-C968-40B7-A7F2-B901FC97CBD8}.Debug|Any CPU.Build.0 = Debug|Any CPU
		{594734CD-C968-40B7-A7F2-B901FC97CBD8}.Release|Any CPU.ActiveCfg = Release|Any CPU
		{594734CD-C968-40B7-A7F2-B901FC97CBD8}.Release|Any CPU.Build.0 = Release|Any CPU
		{6590605D-15A0-42A0-9476-B22108136898}.Debug|Any CPU.ActiveCfg = Debug|Any CPU
		{6590605D-15A0-42A0-9476-B22108136898}.Debug|Any CPU.Build.0 = Debug|Any CPU
		{6590605D-15A0-42A0-9476-B22108136898}.Release|Any CPU.ActiveCfg = Release|Any CPU
		{6590605D-15A0-42A0-9476-B22108136898}.Release|Any CPU.Build.0 = Release|Any CPU
		{B934FE46-8A24-4285-8692-3F9D11E96CEA}.Debug|Any CPU.ActiveCfg = Debug|Any CPU
		{B934FE46-8A24-4285-8692-3F9D11E96CEA}.Debug|Any CPU.Build.0 = Debug|Any CPU
		{B934FE46-8A24-4285-8692-3F9D11E96CEA}.Release|Any CPU.ActiveCfg = Release|Any CPU
		{B934FE46-8A24-4285-8692-3F9D11E96CEA}.Release|Any CPU.Build.0 = Release|Any CPU
	EndGlobalSection
	GlobalSection(SolutionProperties) = preSolution
		HideSolutionNode = FALSE
	EndGlobalSection
	GlobalSection(NestedProjects) = preSolution
		{48FF81E2-81A9-403C-A50C-45452EE8F2D0} = {959CD344-6272-44C9-AF37-9BE87118F8BA}
		{E7B08062-9D3A-4DE1-9DC3-D2C8528C8180} = {959CD344-6272-44C9-AF37-9BE87118F8BA}
		{0BF61BE2-607F-464E-A556-071DA0D6927B} = {959CD344-6272-44C9-AF37-9BE87118F8BA}
		{8A44693D-D0E6-4198-8C75-1BBA8B3610CC} = {2DD5D12E-0678-4C2B-9DAF-3DE521DB8C90}
		{30396624-8C92-4ED8-A589-755C9B90BDD9} = {2DD5D12E-0678-4C2B-9DAF-3DE521DB8C90}
		{5AA1134D-2271-4D35-AA88-60D75010ECD1} = {2DD5D12E-0678-4C2B-9DAF-3DE521DB8C90}
		{9A0778A3-09BD-43AF-9767-8884610048CE} = {FFDAB3F4-C870-494D-A9F3-A6518320A6CE}
		{7FC297BF-FBB4-4521-9CC1-C4640C0B2791} = {FFDAB3F4-C870-494D-A9F3-A6518320A6CE}
		{728C4524-69B6-4DBB-8678-7AE50C321561} = {FFDAB3F4-C870-494D-A9F3-A6518320A6CE}
		{D6136E5A-0D9F-4D04-989C-DDC4A7CF6B0D} = {A6E647A0-A0F8-4478-AC9D-32D6C32C42EF}
		{319B9C4E-C1ED-4D21-8D7F-864BF2389226} = {A6E647A0-A0F8-4478-AC9D-32D6C32C42EF}
		{887507BA-9979-443D-8C13-F29B61E1C2C2} = {A6E647A0-A0F8-4478-AC9D-32D6C32C42EF}
		{B2B5F259-24C1-4028-BFCE-104033A9CF63} = {27F7F604-E933-4604-BF4C-46C3529E9705}
		{A124A920-088D-4CD2-BAFA-551743A51C64} = {27F7F604-E933-4604-BF4C-46C3529E9705}
		{3F5DFA34-D1F7-4BA7-A718-E44F4E6C2472} = {27F7F604-E933-4604-BF4C-46C3529E9705}
		{594734CD-C968-40B7-A7F2-B901FC97CBD8} = {07E7C360-9C91-4B84-A7E4-35E875C1D741}
		{6590605D-15A0-42A0-9476-B22108136898} = {07E7C360-9C91-4B84-A7E4-35E875C1D741}
		{B934FE46-8A24-4285-8692-3F9D11E96CEA} = {07E7C360-9C91-4B84-A7E4-35E875C1D741}
	EndGlobalSection
	GlobalSection(ExtensibilityGlobals) = postSolution
		SolutionGuid = {865A7A5E-9B6C-4A81-A527-227D4BB52408}
	EndGlobalSection
EndGlobal
